// !$*UTF8*$!
{
	archiveVersion = 1;
	classes = {
	};
	objectVersion = 50;
	objects = {

/* Begin PBXBuildFile section */
		2227E9652158B90F00F5ACC3 /* SeoulService.swift in Sources */ = {isa = PBXBuildFile; fileRef = 2227E9642158B90F00F5ACC3 /* SeoulService.swift */; };
		2227E9682158B99C00F5ACC3 /* SeoulData.swift in Sources */ = {isa = PBXBuildFile; fileRef = 2227E9672158B99C00F5ACC3 /* SeoulData.swift */; };
		2227E96A2158B9C800F5ACC3 /* Seoul.swift in Sources */ = {isa = PBXBuildFile; fileRef = 2227E9692158B9C800F5ACC3 /* Seoul.swift */; };
		2227E96C2158CD3500F5ACC3 /* SeoulReviewPopUpViewController.swift in Sources */ = {isa = PBXBuildFile; fileRef = 2227E96B2158CD3500F5ACC3 /* SeoulReviewPopUpViewController.swift */; };
		2227E96E2158D55100F5ACC3 /* SeoulightReviewPopUpViewController.swift in Sources */ = {isa = PBXBuildFile; fileRef = 2227E96D2158D55100F5ACC3 /* SeoulightReviewPopUpViewController.swift */; };
		226C915D2151075A0029FFB7 /* WebSeoulViewController.swift in Sources */ = {isa = PBXBuildFile; fileRef = 226C915C2151075A0029FFB7 /* WebSeoulViewController.swift */; };
		226C9160215268820029FFB7 /* ReportViewController.swift in Sources */ = {isa = PBXBuildFile; fileRef = 226C915F215268820029FFB7 /* ReportViewController.swift */; };
		226C91622152CFA90029FFB7 /* MyPageViewController.swift in Sources */ = {isa = PBXBuildFile; fileRef = 226C91612152CFA90029FFB7 /* MyPageViewController.swift */; };
		226C91642152D0570029FFB7 /* MyPageTableViewCell.swift in Sources */ = {isa = PBXBuildFile; fileRef = 226C91632152D0570029FFB7 /* MyPageTableViewCell.swift */; };
		226C91662152D0680029FFB7 /* MyPageCollectionViewCell.swift in Sources */ = {isa = PBXBuildFile; fileRef = 226C91652152D0680029FFB7 /* MyPageCollectionViewCell.swift */; };
		226C916821536E830029FFB7 /* MyPageModViewController.swift in Sources */ = {isa = PBXBuildFile; fileRef = 226C916721536E830029FFB7 /* MyPageModViewController.swift */; };
		226C916A215379380029FFB7 /* SeoulightApplyViewController.swift in Sources */ = {isa = PBXBuildFile; fileRef = 226C9169215379380029FFB7 /* SeoulightApplyViewController.swift */; };
		226C916C2153BDD60029FFB7 /* SeoulWebViewController.swift in Sources */ = {isa = PBXBuildFile; fileRef = 226C916B2153BDD60029FFB7 /* SeoulWebViewController.swift */; };
		226C916E21550E500029FFB7 /* SeoulightCategoryViewController.swift in Sources */ = {isa = PBXBuildFile; fileRef = 226C916D21550E500029FFB7 /* SeoulightCategoryViewController.swift */; };
		226C917221552F520029FFB7 /* SeoulightWriteTableViewController.swift in Sources */ = {isa = PBXBuildFile; fileRef = 226C917121552F520029FFB7 /* SeoulightWriteTableViewController.swift */; };
		226C917421552FA40029FFB7 /* SeoulightAddImageCollectionViewCell.swift in Sources */ = {isa = PBXBuildFile; fileRef = 226C917321552FA40029FFB7 /* SeoulightAddImageCollectionViewCell.swift */; };
		226C917821552FDE0029FFB7 /* SeoulightAddCourseCollectionViewCell.swift in Sources */ = {isa = PBXBuildFile; fileRef = 226C917721552FDE0029FFB7 /* SeoulightAddCourseCollectionViewCell.swift */; };
		226C917E215531BD0029FFB7 /* SeoulightCourseCollectionViewCell.swift in Sources */ = {isa = PBXBuildFile; fileRef = 226C917D215531BD0029FFB7 /* SeoulightCourseCollectionViewCell.swift */; };
		22A66F8F214EC0CB003D896F /* SeoulightDetailViewController.swift in Sources */ = {isa = PBXBuildFile; fileRef = 22A66F8E214EC0CB003D896F /* SeoulightDetailViewController.swift */; };
		22A66F91214EC676003D896F /* SeoulightDetailReviewTableViewCell.swift in Sources */ = {isa = PBXBuildFile; fileRef = 22A66F90214EC676003D896F /* SeoulightDetailReviewTableViewCell.swift */; };
		22A66F93214EC8E0003D896F /* SeoulLightListTableViewCell.swift in Sources */ = {isa = PBXBuildFile; fileRef = 22A66F92214EC8E0003D896F /* SeoulLightListTableViewCell.swift */; };
		22A66F95214FB3F5003D896F /* SeoulListViewController.swift in Sources */ = {isa = PBXBuildFile; fileRef = 22A66F94214FB3F5003D896F /* SeoulListViewController.swift */; };
		22A66F9A214FB506003D896F /* SeoulListTableViewCell.swift in Sources */ = {isa = PBXBuildFile; fileRef = 22A66F99214FB506003D896F /* SeoulListTableViewCell.swift */; };
		22A66F9C214FB870003D896F /* SeoulDetailReviewTableViewCell.swift in Sources */ = {isa = PBXBuildFile; fileRef = 22A66F9B214FB870003D896F /* SeoulDetailReviewTableViewCell.swift */; };
		22A66F9E214FB88C003D896F /* SeoulDetailViewController.swift in Sources */ = {isa = PBXBuildFile; fileRef = 22A66F9D214FB88C003D896F /* SeoulDetailViewController.swift */; };
		22A66FA0214FC000003D896F /* SeoulPlaceCollectionViewCell.swift in Sources */ = {isa = PBXBuildFile; fileRef = 22A66F9F214FC000003D896F /* SeoulPlaceCollectionViewCell.swift */; };
		22A66FA6214FD5DA003D896F /* SeoulCourseCollectionViewCell.swift in Sources */ = {isa = PBXBuildFile; fileRef = 22A66FA5214FD5DA003D896F /* SeoulCourseCollectionViewCell.swift */; };
		22A66FA92150A9E8003D896F /* IntroSeoulViewController.swift in Sources */ = {isa = PBXBuildFile; fileRef = 22A66FA82150A9E8003D896F /* IntroSeoulViewController.swift */; };
		22A66FAB2150F16D003D896F /* IntroSeoulightViewController.swift in Sources */ = {isa = PBXBuildFile; fileRef = 22A66FAA2150F16D003D896F /* IntroSeoulightViewController.swift */; };
		22B407E22156671700FD9D44 /* SignService.swift in Sources */ = {isa = PBXBuildFile; fileRef = 22B407E12156671700FD9D44 /* SignService.swift */; };
		22B407E42156672100FD9D44 /* APIService.swift in Sources */ = {isa = PBXBuildFile; fileRef = 22B407E32156672100FD9D44 /* APIService.swift */; };
		22B407E72156725400FD9D44 /* ExtensionControl.swift in Sources */ = {isa = PBXBuildFile; fileRef = 22B407E62156725400FD9D44 /* ExtensionControl.swift */; };
		22B407EB21567F1000FD9D44 /* MyPageService.swift in Sources */ = {isa = PBXBuildFile; fileRef = 22B407EA21567F1000FD9D44 /* MyPageService.swift */; };
		22B407F12156A30900FD9D44 /* MyPageData.swift in Sources */ = {isa = PBXBuildFile; fileRef = 22B407F02156A30900FD9D44 /* MyPageData.swift */; };
		22B407F32156A31600FD9D44 /* MyPage.swift in Sources */ = {isa = PBXBuildFile; fileRef = 22B407F22156A31600FD9D44 /* MyPage.swift */; };
		22B407F52156A3D400FD9D44 /* TourList.swift in Sources */ = {isa = PBXBuildFile; fileRef = 22B407F42156A3D400FD9D44 /* TourList.swift */; };
		22B407FA215774DE00FD9D44 /* SwiftNotice.swift in Sources */ = {isa = PBXBuildFile; fileRef = 22B407F9215774DE00FD9D44 /* SwiftNotice.swift */; };
		22B407FC2157E02F00FD9D44 /* SeoulCategoryViewController.swift in Sources */ = {isa = PBXBuildFile; fileRef = 22B407FB2157E02F00FD9D44 /* SeoulCategoryViewController.swift */; };
		22C75724214E354300809616 /* AppDelegate.swift in Sources */ = {isa = PBXBuildFile; fileRef = 22C75723214E354300809616 /* AppDelegate.swift */; };
		22C75726214E354300809616 /* MainViewController.swift in Sources */ = {isa = PBXBuildFile; fileRef = 22C75725214E354300809616 /* MainViewController.swift */; };
		22C75729214E354300809616 /* Main.storyboard in Resources */ = {isa = PBXBuildFile; fileRef = 22C75727214E354300809616 /* Main.storyboard */; };
		22C7572B214E354400809616 /* Assets.xcassets in Resources */ = {isa = PBXBuildFile; fileRef = 22C7572A214E354400809616 /* Assets.xcassets */; };
		22C7572E214E354400809616 /* LaunchScreen.storyboard in Resources */ = {isa = PBXBuildFile; fileRef = 22C7572C214E354400809616 /* LaunchScreen.storyboard */; };
		22C7573C214E8B4200809616 /* SeoulightListViewController.swift in Sources */ = {isa = PBXBuildFile; fileRef = 22C7573B214E8B4200809616 /* SeoulightListViewController.swift */; };
		22F5FCE9215647A900D1750F /* LoginViewController.swift in Sources */ = {isa = PBXBuildFile; fileRef = 22F5FCE8215647A900D1750F /* LoginViewController.swift */; };
		22F5FCEC215647C500D1750F /* JoinViewController.swift in Sources */ = {isa = PBXBuildFile; fileRef = 22F5FCEB215647C500D1750F /* JoinViewController.swift */; };
		22F5FCEE215653AC00D1750F /* APIKey.swift in Sources */ = {isa = PBXBuildFile; fileRef = 22F5FCED215653AC00D1750F /* APIKey.swift */; };
		5A7005E59DEC3291C0C91005 /* Pods_DO_dobo.framework in Frameworks */ = {isa = PBXBuildFile; fileRef = AB0A6AAD6780F58D94AD1067 /* Pods_DO_dobo.framework */; };
/* End PBXBuildFile section */

/* Begin PBXFileReference section */
		03EFD1ADA7131D42F2187372 /* Pods-DO!dobo.release.xcconfig */ = {isa = PBXFileReference; includeInIndex = 1; lastKnownFileType = text.xcconfig; name = "Pods-DO!dobo.release.xcconfig"; path = "Pods/Target Support Files/Pods-DO!dobo/Pods-DO!dobo.release.xcconfig"; sourceTree = "<group>"; };
		2227E9642158B90F00F5ACC3 /* SeoulService.swift */ = {isa = PBXFileReference; lastKnownFileType = sourcecode.swift; path = SeoulService.swift; sourceTree = "<group>"; };
		2227E9672158B99C00F5ACC3 /* SeoulData.swift */ = {isa = PBXFileReference; lastKnownFileType = sourcecode.swift; path = SeoulData.swift; sourceTree = "<group>"; };
		2227E9692158B9C800F5ACC3 /* Seoul.swift */ = {isa = PBXFileReference; lastKnownFileType = sourcecode.swift; path = Seoul.swift; sourceTree = "<group>"; };
		2227E96B2158CD3500F5ACC3 /* SeoulReviewPopUpViewController.swift */ = {isa = PBXFileReference; lastKnownFileType = sourcecode.swift; path = SeoulReviewPopUpViewController.swift; sourceTree = "<group>"; };
		2227E96D2158D55100F5ACC3 /* SeoulightReviewPopUpViewController.swift */ = {isa = PBXFileReference; lastKnownFileType = sourcecode.swift; path = SeoulightReviewPopUpViewController.swift; sourceTree = "<group>"; };
		226C915C2151075A0029FFB7 /* WebSeoulViewController.swift */ = {isa = PBXFileReference; lastKnownFileType = sourcecode.swift; path = WebSeoulViewController.swift; sourceTree = "<group>"; };
		226C915F215268820029FFB7 /* ReportViewController.swift */ = {isa = PBXFileReference; lastKnownFileType = sourcecode.swift; path = ReportViewController.swift; sourceTree = "<group>"; };
		226C91612152CFA90029FFB7 /* MyPageViewController.swift */ = {isa = PBXFileReference; lastKnownFileType = sourcecode.swift; path = MyPageViewController.swift; sourceTree = "<group>"; };
		226C91632152D0570029FFB7 /* MyPageTableViewCell.swift */ = {isa = PBXFileReference; lastKnownFileType = sourcecode.swift; path = MyPageTableViewCell.swift; sourceTree = "<group>"; };
		226C91652152D0680029FFB7 /* MyPageCollectionViewCell.swift */ = {isa = PBXFileReference; lastKnownFileType = sourcecode.swift; path = MyPageCollectionViewCell.swift; sourceTree = "<group>"; };
		226C916721536E830029FFB7 /* MyPageModViewController.swift */ = {isa = PBXFileReference; lastKnownFileType = sourcecode.swift; path = MyPageModViewController.swift; sourceTree = "<group>"; };
		226C9169215379380029FFB7 /* SeoulightApplyViewController.swift */ = {isa = PBXFileReference; lastKnownFileType = sourcecode.swift; path = SeoulightApplyViewController.swift; sourceTree = "<group>"; };
		226C916B2153BDD60029FFB7 /* SeoulWebViewController.swift */ = {isa = PBXFileReference; lastKnownFileType = sourcecode.swift; path = SeoulWebViewController.swift; sourceTree = "<group>"; };
		226C916D21550E500029FFB7 /* SeoulightCategoryViewController.swift */ = {isa = PBXFileReference; lastKnownFileType = sourcecode.swift; path = SeoulightCategoryViewController.swift; sourceTree = "<group>"; };
		226C917121552F520029FFB7 /* SeoulightWriteTableViewController.swift */ = {isa = PBXFileReference; lastKnownFileType = sourcecode.swift; path = SeoulightWriteTableViewController.swift; sourceTree = "<group>"; };
		226C917321552FA40029FFB7 /* SeoulightAddImageCollectionViewCell.swift */ = {isa = PBXFileReference; lastKnownFileType = sourcecode.swift; path = SeoulightAddImageCollectionViewCell.swift; sourceTree = "<group>"; };
		226C917721552FDE0029FFB7 /* SeoulightAddCourseCollectionViewCell.swift */ = {isa = PBXFileReference; lastKnownFileType = sourcecode.swift; path = SeoulightAddCourseCollectionViewCell.swift; sourceTree = "<group>"; };
		226C917D215531BD0029FFB7 /* SeoulightCourseCollectionViewCell.swift */ = {isa = PBXFileReference; lastKnownFileType = sourcecode.swift; path = SeoulightCourseCollectionViewCell.swift; sourceTree = "<group>"; };
		22A66F8E214EC0CB003D896F /* SeoulightDetailViewController.swift */ = {isa = PBXFileReference; lastKnownFileType = sourcecode.swift; path = SeoulightDetailViewController.swift; sourceTree = "<group>"; };
		22A66F90214EC676003D896F /* SeoulightDetailReviewTableViewCell.swift */ = {isa = PBXFileReference; lastKnownFileType = sourcecode.swift; path = SeoulightDetailReviewTableViewCell.swift; sourceTree = "<group>"; };
		22A66F92214EC8E0003D896F /* SeoulLightListTableViewCell.swift */ = {isa = PBXFileReference; lastKnownFileType = sourcecode.swift; path = SeoulLightListTableViewCell.swift; sourceTree = "<group>"; };
		22A66F94214FB3F5003D896F /* SeoulListViewController.swift */ = {isa = PBXFileReference; lastKnownFileType = sourcecode.swift; path = SeoulListViewController.swift; sourceTree = "<group>"; };
		22A66F99214FB506003D896F /* SeoulListTableViewCell.swift */ = {isa = PBXFileReference; lastKnownFileType = sourcecode.swift; path = SeoulListTableViewCell.swift; sourceTree = "<group>"; };
		22A66F9B214FB870003D896F /* SeoulDetailReviewTableViewCell.swift */ = {isa = PBXFileReference; lastKnownFileType = sourcecode.swift; path = SeoulDetailReviewTableViewCell.swift; sourceTree = "<group>"; };
		22A66F9D214FB88C003D896F /* SeoulDetailViewController.swift */ = {isa = PBXFileReference; lastKnownFileType = sourcecode.swift; path = SeoulDetailViewController.swift; sourceTree = "<group>"; };
		22A66F9F214FC000003D896F /* SeoulPlaceCollectionViewCell.swift */ = {isa = PBXFileReference; lastKnownFileType = sourcecode.swift; path = SeoulPlaceCollectionViewCell.swift; sourceTree = "<group>"; };
		22A66FA5214FD5DA003D896F /* SeoulCourseCollectionViewCell.swift */ = {isa = PBXFileReference; lastKnownFileType = sourcecode.swift; path = SeoulCourseCollectionViewCell.swift; sourceTree = "<group>"; };
		22A66FA82150A9E8003D896F /* IntroSeoulViewController.swift */ = {isa = PBXFileReference; lastKnownFileType = sourcecode.swift; path = IntroSeoulViewController.swift; sourceTree = "<group>"; };
		22A66FAA2150F16D003D896F /* IntroSeoulightViewController.swift */ = {isa = PBXFileReference; lastKnownFileType = sourcecode.swift; path = IntroSeoulightViewController.swift; sourceTree = "<group>"; };
		22B407E12156671700FD9D44 /* SignService.swift */ = {isa = PBXFileReference; lastKnownFileType = sourcecode.swift; path = SignService.swift; sourceTree = "<group>"; };
		22B407E32156672100FD9D44 /* APIService.swift */ = {isa = PBXFileReference; lastKnownFileType = sourcecode.swift; path = APIService.swift; sourceTree = "<group>"; };
		22B407E62156725400FD9D44 /* ExtensionControl.swift */ = {isa = PBXFileReference; lastKnownFileType = sourcecode.swift; path = ExtensionControl.swift; sourceTree = "<group>"; };
		22B407EA21567F1000FD9D44 /* MyPageService.swift */ = {isa = PBXFileReference; lastKnownFileType = sourcecode.swift; path = MyPageService.swift; sourceTree = "<group>"; };
		22B407F02156A30900FD9D44 /* MyPageData.swift */ = {isa = PBXFileReference; lastKnownFileType = sourcecode.swift; path = MyPageData.swift; sourceTree = "<group>"; };
		22B407F22156A31600FD9D44 /* MyPage.swift */ = {isa = PBXFileReference; lastKnownFileType = sourcecode.swift; path = MyPage.swift; sourceTree = "<group>"; };
		22B407F42156A3D400FD9D44 /* TourList.swift */ = {isa = PBXFileReference; lastKnownFileType = sourcecode.swift; path = TourList.swift; sourceTree = "<group>"; };
		22B407F9215774DE00FD9D44 /* SwiftNotice.swift */ = {isa = PBXFileReference; fileEncoding = 4; lastKnownFileType = sourcecode.swift; path = SwiftNotice.swift; sourceTree = "<group>"; };
		22B407FB2157E02F00FD9D44 /* SeoulCategoryViewController.swift */ = {isa = PBXFileReference; lastKnownFileType = sourcecode.swift; path = SeoulCategoryViewController.swift; sourceTree = "<group>"; };
		22C75720214E354200809616 /* DO!dobo.app */ = {isa = PBXFileReference; explicitFileType = wrapper.application; includeInIndex = 0; path = "DO!dobo.app"; sourceTree = BUILT_PRODUCTS_DIR; };
		22C75723214E354300809616 /* AppDelegate.swift */ = {isa = PBXFileReference; lastKnownFileType = sourcecode.swift; path = AppDelegate.swift; sourceTree = "<group>"; };
		22C75725214E354300809616 /* MainViewController.swift */ = {isa = PBXFileReference; lastKnownFileType = sourcecode.swift; path = MainViewController.swift; sourceTree = "<group>"; };
		22C75728214E354300809616 /* Base */ = {isa = PBXFileReference; lastKnownFileType = file.storyboard; name = Base; path = Base.lproj/Main.storyboard; sourceTree = "<group>"; };
		22C7572A214E354400809616 /* Assets.xcassets */ = {isa = PBXFileReference; lastKnownFileType = folder.assetcatalog; path = Assets.xcassets; sourceTree = "<group>"; };
		22C7572D214E354400809616 /* Base */ = {isa = PBXFileReference; lastKnownFileType = file.storyboard; name = Base; path = Base.lproj/LaunchScreen.storyboard; sourceTree = "<group>"; };
		22C7572F214E354400809616 /* Info.plist */ = {isa = PBXFileReference; lastKnownFileType = text.plist.xml; path = Info.plist; sourceTree = "<group>"; };
		22C7573B214E8B4200809616 /* SeoulightListViewController.swift */ = {isa = PBXFileReference; lastKnownFileType = sourcecode.swift; path = SeoulightListViewController.swift; sourceTree = "<group>"; };
		22F5FCE8215647A900D1750F /* LoginViewController.swift */ = {isa = PBXFileReference; lastKnownFileType = sourcecode.swift; path = LoginViewController.swift; sourceTree = "<group>"; };
		22F5FCEB215647C500D1750F /* JoinViewController.swift */ = {isa = PBXFileReference; lastKnownFileType = sourcecode.swift; path = JoinViewController.swift; sourceTree = "<group>"; };
		22F5FCED215653AC00D1750F /* APIKey.swift */ = {isa = PBXFileReference; lastKnownFileType = sourcecode.swift; path = APIKey.swift; sourceTree = "<group>"; };
		81874127E83DE9DBA1BCC1CC /* Pods-DO!dobo.debug.xcconfig */ = {isa = PBXFileReference; includeInIndex = 1; lastKnownFileType = text.xcconfig; name = "Pods-DO!dobo.debug.xcconfig"; path = "Pods/Target Support Files/Pods-DO!dobo/Pods-DO!dobo.debug.xcconfig"; sourceTree = "<group>"; };
		AB0A6AAD6780F58D94AD1067 /* Pods_DO_dobo.framework */ = {isa = PBXFileReference; explicitFileType = wrapper.framework; includeInIndex = 0; path = Pods_DO_dobo.framework; sourceTree = BUILT_PRODUCTS_DIR; };
/* End PBXFileReference section */

/* Begin PBXFrameworksBuildPhase section */
		22C7571D214E354200809616 /* Frameworks */ = {
			isa = PBXFrameworksBuildPhase;
			buildActionMask = 2147483647;
			files = (
				5A7005E59DEC3291C0C91005 /* Pods_DO_dobo.framework in Frameworks */,
			);
			runOnlyForDeploymentPostprocessing = 0;
		};
/* End PBXFrameworksBuildPhase section */

/* Begin PBXGroup section */
		2227E9662158B96900F5ACC3 /* Seoul */ = {
			isa = PBXGroup;
			children = (
				2227E9672158B99C00F5ACC3 /* SeoulData.swift */,
				2227E9692158B9C800F5ACC3 /* Seoul.swift */,
			);
			path = Seoul;
			sourceTree = "<group>";
		};
		226C915E215268630029FFB7 /* MyPage */ = {
			isa = PBXGroup;
			children = (
				226C91812155327A0029FFB7 /* Main */,
				226C91612152CFA90029FFB7 /* MyPageViewController.swift */,
				226C91632152D0570029FFB7 /* MyPageTableViewCell.swift */,
				226C91652152D0680029FFB7 /* MyPageCollectionViewCell.swift */,
				226C9182215532A10029FFB7 /* Modified */,
				226C9183215532CA0029FFB7 /* Seoulight */,
				226C91802155324A0029FFB7 /* Suggestion */,
			);
			path = MyPage;
			sourceTree = "<group>";
		};
		226C9179215530550029FFB7 /* List */ = {
			isa = PBXGroup;
			children = (
				22B407FB2157E02F00FD9D44 /* SeoulCategoryViewController.swift */,
				22A66F94214FB3F5003D896F /* SeoulListViewController.swift */,
				22A66F99214FB506003D896F /* SeoulListTableViewCell.swift */,
			);
			path = List;
			sourceTree = "<group>";
		};
		226C917A2155308A0029FFB7 /* Detail */ = {
			isa = PBXGroup;
			children = (
				22A66F9D214FB88C003D896F /* SeoulDetailViewController.swift */,
				226C916B2153BDD60029FFB7 /* SeoulWebViewController.swift */,
				22A66FA5214FD5DA003D896F /* SeoulCourseCollectionViewCell.swift */,
				22A66F9F214FC000003D896F /* SeoulPlaceCollectionViewCell.swift */,
				22A66F9B214FB870003D896F /* SeoulDetailReviewTableViewCell.swift */,
				2227E96B2158CD3500F5ACC3 /* SeoulReviewPopUpViewController.swift */,
			);
			path = Detail;
			sourceTree = "<group>";
		};
		226C917B215530D70029FFB7 /* List */ = {
			isa = PBXGroup;
			children = (
				226C916D21550E500029FFB7 /* SeoulightCategoryViewController.swift */,
				22C7573B214E8B4200809616 /* SeoulightListViewController.swift */,
				22A66F92214EC8E0003D896F /* SeoulLightListTableViewCell.swift */,
			);
			path = List;
			sourceTree = "<group>";
		};
		226C917C215530E80029FFB7 /* Detail */ = {
			isa = PBXGroup;
			children = (
				22A66F8E214EC0CB003D896F /* SeoulightDetailViewController.swift */,
				22A66F90214EC676003D896F /* SeoulightDetailReviewTableViewCell.swift */,
				226C917D215531BD0029FFB7 /* SeoulightCourseCollectionViewCell.swift */,
				2227E96D2158D55100F5ACC3 /* SeoulightReviewPopUpViewController.swift */,
			);
			path = Detail;
			sourceTree = "<group>";
		};
		226C917F215531F40029FFB7 /* Write */ = {
			isa = PBXGroup;
			children = (
				226C917121552F520029FFB7 /* SeoulightWriteTableViewController.swift */,
				226C917321552FA40029FFB7 /* SeoulightAddImageCollectionViewCell.swift */,
				226C917721552FDE0029FFB7 /* SeoulightAddCourseCollectionViewCell.swift */,
				226C915E215268630029FFB7 /* MyPage */,
			);
			path = Write;
			sourceTree = "<group>";
		};
		226C91802155324A0029FFB7 /* Suggestion */ = {
			isa = PBXGroup;
			children = (
				226C915F215268820029FFB7 /* ReportViewController.swift */,
			);
			path = Suggestion;
			sourceTree = "<group>";
		};
		226C91812155327A0029FFB7 /* Main */ = {
			isa = PBXGroup;
			children = (
			);
			path = Main;
			sourceTree = "<group>";
		};
		226C9182215532A10029FFB7 /* Modified */ = {
			isa = PBXGroup;
			children = (
				226C916721536E830029FFB7 /* MyPageModViewController.swift */,
			);
			path = Modified;
			sourceTree = "<group>";
		};
		226C9183215532CA0029FFB7 /* Seoulight */ = {
			isa = PBXGroup;
			children = (
				226C9169215379380029FFB7 /* SeoulightApplyViewController.swift */,
			);
			path = Seoulight;
			sourceTree = "<group>";
		};
		226C9184215532F00029FFB7 /* Main */ = {
			isa = PBXGroup;
			children = (
				22C75725214E354300809616 /* MainViewController.swift */,
			);
			path = Main;
			sourceTree = "<group>";
		};
		226C9185215532F80029FFB7 /* Seoul */ = {
			isa = PBXGroup;
			children = (
				22A66FA82150A9E8003D896F /* IntroSeoulViewController.swift */,
				226C915C2151075A0029FFB7 /* WebSeoulViewController.swift */,
			);
			path = Seoul;
			sourceTree = "<group>";
		};
		226C91862155330F0029FFB7 /* Seoulight */ = {
			isa = PBXGroup;
			children = (
				22A66FAA2150F16D003D896F /* IntroSeoulightViewController.swift */,
			);
			path = Seoulight;
			sourceTree = "<group>";
		};
		22A66F96214FB4B2003D896F /* Seoulight */ = {
			isa = PBXGroup;
			children = (
				226C917B215530D70029FFB7 /* List */,
				226C917C215530E80029FFB7 /* Detail */,
				226C917F215531F40029FFB7 /* Write */,
			);
			path = Seoulight;
			sourceTree = "<group>";
		};
		22A66F98214FB4D3003D896F /* Seoul */ = {
			isa = PBXGroup;
			children = (
				226C9179215530550029FFB7 /* List */,
				226C917A2155308A0029FFB7 /* Detail */,
			);
			path = Seoul;
			sourceTree = "<group>";
		};
		22A66FA72150A9BA003D896F /* Home */ = {
			isa = PBXGroup;
			children = (
				226C9184215532F00029FFB7 /* Main */,
				226C9185215532F80029FFB7 /* Seoul */,
				226C91862155330F0029FFB7 /* Seoulight */,
			);
			path = Home;
			sourceTree = "<group>";
		};
		22B407DB215665EE00FD9D44 /* Model */ = {
			isa = PBXGroup;
			children = (
				2227E9662158B96900F5ACC3 /* Seoul */,
				22B407F62156A4C200FD9D44 /* MyPage */,
			);
			path = Model;
			sourceTree = "<group>";
		};
		22B407E0215666FC00FD9D44 /* Service */ = {
			isa = PBXGroup;
			children = (
				22B407E32156672100FD9D44 /* APIService.swift */,
				22B407E12156671700FD9D44 /* SignService.swift */,
				22B407EA21567F1000FD9D44 /* MyPageService.swift */,
				2227E9642158B90F00F5ACC3 /* SeoulService.swift */,
			);
			path = Service;
			sourceTree = "<group>";
		};
		22B407E52156717500FD9D44 /* Function */ = {
			isa = PBXGroup;
			children = (
				22B407F9215774DE00FD9D44 /* SwiftNotice.swift */,
				22B407E62156725400FD9D44 /* ExtensionControl.swift */,
			);
			path = Function;
			sourceTree = "<group>";
		};
		22B407F62156A4C200FD9D44 /* MyPage */ = {
			isa = PBXGroup;
			children = (
				22B407F02156A30900FD9D44 /* MyPageData.swift */,
				22B407F22156A31600FD9D44 /* MyPage.swift */,
				22B407F42156A3D400FD9D44 /* TourList.swift */,
			);
			path = MyPage;
			sourceTree = "<group>";
		};
		22C75717214E354200809616 = {
			isa = PBXGroup;
			children = (
				22C75722214E354200809616 /* DO!dobo */,
				22C75721214E354200809616 /* Products */,
				BCA85740F25227ABAA5A6B65 /* Pods */,
				D3EDE4A24568AD6451F48CD6 /* Frameworks */,
			);
			sourceTree = "<group>";
		};
		22C75721214E354200809616 /* Products */ = {
			isa = PBXGroup;
			children = (
				22C75720214E354200809616 /* DO!dobo.app */,
			);
			name = Products;
			sourceTree = "<group>";
		};
		22C75722214E354200809616 /* DO!dobo */ = {
			isa = PBXGroup;
			children = (
				22C75723214E354300809616 /* AppDelegate.swift */,
				22C75736214E397600809616 /* Storyboard */,
				22F5FCEF2156557100D1750F /* Util */,
				22C75735214E396C00809616 /* ViewController */,
				22C7572A214E354400809616 /* Assets.xcassets */,
				22C7572F214E354400809616 /* Info.plist */,
			);
			path = "DO!dobo";
			sourceTree = "<group>";
		};
		22C75735214E396C00809616 /* ViewController */ = {
			isa = PBXGroup;
			children = (
				22F5FCEA215647B600D1750F /* Sign */,
				22A66FA72150A9BA003D896F /* Home */,
				22A66F98214FB4D3003D896F /* Seoul */,
				22A66F96214FB4B2003D896F /* Seoulight */,
			);
			path = ViewController;
			sourceTree = "<group>";
		};
		22C75736214E397600809616 /* Storyboard */ = {
			isa = PBXGroup;
			children = (
				22C75727214E354300809616 /* Main.storyboard */,
				22C7572C214E354400809616 /* LaunchScreen.storyboard */,
			);
			path = Storyboard;
			sourceTree = "<group>";
		};
		22F5FCEA215647B600D1750F /* Sign */ = {
			isa = PBXGroup;
			children = (
				22F5FCE8215647A900D1750F /* LoginViewController.swift */,
				22F5FCEB215647C500D1750F /* JoinViewController.swift */,
			);
			path = Sign;
			sourceTree = "<group>";
		};
		22F5FCEF2156557100D1750F /* Util */ = {
			isa = PBXGroup;
			children = (
				22F5FCED215653AC00D1750F /* APIKey.swift */,
				22B407DB215665EE00FD9D44 /* Model */,
				22B407E0215666FC00FD9D44 /* Service */,
				22B407E52156717500FD9D44 /* Function */,
			);
			path = Util;
			sourceTree = "<group>";
		};
		BCA85740F25227ABAA5A6B65 /* Pods */ = {
			isa = PBXGroup;
			children = (
				81874127E83DE9DBA1BCC1CC /* Pods-DO!dobo.debug.xcconfig */,
				03EFD1ADA7131D42F2187372 /* Pods-DO!dobo.release.xcconfig */,
			);
			name = Pods;
			sourceTree = "<group>";
		};
		D3EDE4A24568AD6451F48CD6 /* Frameworks */ = {
			isa = PBXGroup;
			children = (
				AB0A6AAD6780F58D94AD1067 /* Pods_DO_dobo.framework */,
			);
			name = Frameworks;
			sourceTree = "<group>";
		};
/* End PBXGroup section */

/* Begin PBXNativeTarget section */
		22C7571F214E354200809616 /* DO!dobo */ = {
			isa = PBXNativeTarget;
			buildConfigurationList = 22C75732214E354400809616 /* Build configuration list for PBXNativeTarget "DO!dobo" */;
			buildPhases = (
				A6CBC2E1E436340D54E974D3 /* [CP] Check Pods Manifest.lock */,
				22C7571C214E354200809616 /* Sources */,
				22C7571D214E354200809616 /* Frameworks */,
				22C7571E214E354200809616 /* Resources */,
				891643A07A976FEADD46E95D /* [CP] Embed Pods Frameworks */,
				46C2068EF81BE92280197DD6 /* [CP] Copy Pods Resources */,
			);
			buildRules = (
			);
			dependencies = (
			);
			name = "DO!dobo";
			productName = "DO!dobo";
			productReference = 22C75720214E354200809616 /* DO!dobo.app */;
			productType = "com.apple.product-type.application";
		};
/* End PBXNativeTarget section */

/* Begin PBXProject section */
		22C75718214E354200809616 /* Project object */ = {
			isa = PBXProject;
			attributes = {
				LastSwiftUpdateCheck = 0940;
				LastUpgradeCheck = 0940;
				ORGANIZATIONNAME = kyeahen;
				TargetAttributes = {
					22C7571F214E354200809616 = {
						CreatedOnToolsVersion = 9.4.1;
					};
				};
			};
			buildConfigurationList = 22C7571B214E354200809616 /* Build configuration list for PBXProject "DO!dobo" */;
			compatibilityVersion = "Xcode 9.3";
			developmentRegion = en;
			hasScannedForEncodings = 0;
			knownRegions = (
				en,
				Base,
			);
			mainGroup = 22C75717214E354200809616;
			productRefGroup = 22C75721214E354200809616 /* Products */;
			projectDirPath = "";
			projectRoot = "";
			targets = (
				22C7571F214E354200809616 /* DO!dobo */,
			);
		};
/* End PBXProject section */

/* Begin PBXResourcesBuildPhase section */
		22C7571E214E354200809616 /* Resources */ = {
			isa = PBXResourcesBuildPhase;
			buildActionMask = 2147483647;
			files = (
				22C7572E214E354400809616 /* LaunchScreen.storyboard in Resources */,
				22C7572B214E354400809616 /* Assets.xcassets in Resources */,
				22C75729214E354300809616 /* Main.storyboard in Resources */,
			);
			runOnlyForDeploymentPostprocessing = 0;
		};
/* End PBXResourcesBuildPhase section */

/* Begin PBXShellScriptBuildPhase section */
		46C2068EF81BE92280197DD6 /* [CP] Copy Pods Resources */ = {
			isa = PBXShellScriptBuildPhase;
			buildActionMask = 2147483647;
			files = (
			);
			inputPaths = (
				"${SRCROOT}/Pods/Target Support Files/Pods-DO!dobo/Pods-DO!dobo-resources.sh",
				"${PODS_ROOT}/GooglePlaces/Frameworks/GooglePlaces.framework/Resources/GooglePlaces.bundle",
			);
			name = "[CP] Copy Pods Resources";
			outputPaths = (
				"${TARGET_BUILD_DIR}/${UNLOCALIZED_RESOURCES_FOLDER_PATH}/GooglePlaces.bundle",
			);
			runOnlyForDeploymentPostprocessing = 0;
			shellPath = /bin/sh;
			shellScript = "\"${SRCROOT}/Pods/Target Support Files/Pods-DO!dobo/Pods-DO!dobo-resources.sh\"\n";
			showEnvVarsInLog = 0;
		};
		891643A07A976FEADD46E95D /* [CP] Embed Pods Frameworks */ = {
			isa = PBXShellScriptBuildPhase;
			buildActionMask = 2147483647;
			files = (
			);
			inputPaths = (
				"${SRCROOT}/Pods/Target Support Files/Pods-DO!dobo/Pods-DO!dobo-frameworks.sh",
				"${BUILT_PRODUCTS_DIR}/Alamofire/Alamofire.framework",
				"${BUILT_PRODUCTS_DIR}/AlamofireImage/AlamofireImage.framework",
				"${BUILT_PRODUCTS_DIR}/ImageSlideshow/ImageSlideshow.framework",
				"${BUILT_PRODUCTS_DIR}/Kingfisher/Kingfisher.framework",
				"${BUILT_PRODUCTS_DIR}/SilentScrolly/SilentScrolly.framework",
				"${BUILT_PRODUCTS_DIR}/SwiftyJSON/SwiftyJSON.framework",
				"${BUILT_PRODUCTS_DIR}/UITextView+Placeholder/UITextView_Placeholder.framework",
			);
			name = "[CP] Embed Pods Frameworks";
			outputPaths = (
				"${TARGET_BUILD_DIR}/${FRAMEWORKS_FOLDER_PATH}/Alamofire.framework",
				"${TARGET_BUILD_DIR}/${FRAMEWORKS_FOLDER_PATH}/AlamofireImage.framework",
				"${TARGET_BUILD_DIR}/${FRAMEWORKS_FOLDER_PATH}/ImageSlideshow.framework",
				"${TARGET_BUILD_DIR}/${FRAMEWORKS_FOLDER_PATH}/Kingfisher.framework",
				"${TARGET_BUILD_DIR}/${FRAMEWORKS_FOLDER_PATH}/SilentScrolly.framework",
				"${TARGET_BUILD_DIR}/${FRAMEWORKS_FOLDER_PATH}/SwiftyJSON.framework",
				"${TARGET_BUILD_DIR}/${FRAMEWORKS_FOLDER_PATH}/UITextView_Placeholder.framework",
			);
			runOnlyForDeploymentPostprocessing = 0;
			shellPath = /bin/sh;
			shellScript = "\"${SRCROOT}/Pods/Target Support Files/Pods-DO!dobo/Pods-DO!dobo-frameworks.sh\"\n";
			showEnvVarsInLog = 0;
		};
		A6CBC2E1E436340D54E974D3 /* [CP] Check Pods Manifest.lock */ = {
			isa = PBXShellScriptBuildPhase;
			buildActionMask = 2147483647;
			files = (
			);
			inputPaths = (
				"${PODS_PODFILE_DIR_PATH}/Podfile.lock",
				"${PODS_ROOT}/Manifest.lock",
			);
			name = "[CP] Check Pods Manifest.lock";
			outputPaths = (
				"$(DERIVED_FILE_DIR)/Pods-DO!dobo-checkManifestLockResult.txt",
			);
			runOnlyForDeploymentPostprocessing = 0;
			shellPath = /bin/sh;
			shellScript = "diff \"${PODS_PODFILE_DIR_PATH}/Podfile.lock\" \"${PODS_ROOT}/Manifest.lock\" > /dev/null\nif [ $? != 0 ] ; then\n    # print error to STDERR\n    echo \"error: The sandbox is not in sync with the Podfile.lock. Run 'pod install' or update your CocoaPods installation.\" >&2\n    exit 1\nfi\n# This output is used by Xcode 'outputs' to avoid re-running this script phase.\necho \"SUCCESS\" > \"${SCRIPT_OUTPUT_FILE_0}\"\n";
			showEnvVarsInLog = 0;
		};
/* End PBXShellScriptBuildPhase section */

/* Begin PBXSourcesBuildPhase section */
		22C7571C214E354200809616 /* Sources */ = {
			isa = PBXSourcesBuildPhase;
			buildActionMask = 2147483647;
			files = (
				2227E96A2158B9C800F5ACC3 /* Seoul.swift in Sources */,
				226C916A215379380029FFB7 /* SeoulightApplyViewController.swift in Sources */,
				226C91622152CFA90029FFB7 /* MyPageViewController.swift in Sources */,
				22A66F9C214FB870003D896F /* SeoulDetailReviewTableViewCell.swift in Sources */,
				22B407E42156672100FD9D44 /* APIService.swift in Sources */,
				22A66F91214EC676003D896F /* SeoulightDetailReviewTableViewCell.swift in Sources */,
				22B407FA215774DE00FD9D44 /* SwiftNotice.swift in Sources */,
				226C91662152D0680029FFB7 /* MyPageCollectionViewCell.swift in Sources */,
				22F5FCE9215647A900D1750F /* LoginViewController.swift in Sources */,
				22A66FA92150A9E8003D896F /* IntroSeoulViewController.swift in Sources */,
				226C915D2151075A0029FFB7 /* WebSeoulViewController.swift in Sources */,
				226C91642152D0570029FFB7 /* MyPageTableViewCell.swift in Sources */,
				2227E96E2158D55100F5ACC3 /* SeoulightReviewPopUpViewController.swift in Sources */,
				226C916821536E830029FFB7 /* MyPageModViewController.swift in Sources */,
				2227E9682158B99C00F5ACC3 /* SeoulData.swift in Sources */,
				22A66F93214EC8E0003D896F /* SeoulLightListTableViewCell.swift in Sources */,
				22A66F8F214EC0CB003D896F /* SeoulightDetailViewController.swift in Sources */,
				22A66FA0214FC000003D896F /* SeoulPlaceCollectionViewCell.swift in Sources */,
				22B407E72156725400FD9D44 /* ExtensionControl.swift in Sources */,
				22B407E22156671700FD9D44 /* SignService.swift in Sources */,
				22C75726214E354300809616 /* MainViewController.swift in Sources */,
				226C917421552FA40029FFB7 /* SeoulightAddImageCollectionViewCell.swift in Sources */,
				226C917221552F520029FFB7 /* SeoulightWriteTableViewController.swift in Sources */,
				226C917821552FDE0029FFB7 /* SeoulightAddCourseCollectionViewCell.swift in Sources */,
				2227E96C2158CD3500F5ACC3 /* SeoulReviewPopUpViewController.swift in Sources */,
				22B407F12156A30900FD9D44 /* MyPageData.swift in Sources */,
				22A66F95214FB3F5003D896F /* SeoulListViewController.swift in Sources */,
				22A66FA6214FD5DA003D896F /* SeoulCourseCollectionViewCell.swift in Sources */,
				22A66F9E214FB88C003D896F /* SeoulDetailViewController.swift in Sources */,
				22B407FC2157E02F00FD9D44 /* SeoulCategoryViewController.swift in Sources */,
				22C7573C214E8B4200809616 /* SeoulightListViewController.swift in Sources */,
				22A66FAB2150F16D003D896F /* IntroSeoulightViewController.swift in Sources */,
				22B407F32156A31600FD9D44 /* MyPage.swift in Sources */,
				226C9160215268820029FFB7 /* ReportViewController.swift in Sources */,
				22B407F52156A3D400FD9D44 /* TourList.swift in Sources */,
				226C917E215531BD0029FFB7 /* SeoulightCourseCollectionViewCell.swift in Sources */,
				226C916C2153BDD60029FFB7 /* SeoulWebViewController.swift in Sources */,
				226C916E21550E500029FFB7 /* SeoulightCategoryViewController.swift in Sources */,
				22B407EB21567F1000FD9D44 /* MyPageService.swift in Sources */,
				22F5FCEE215653AC00D1750F /* APIKey.swift in Sources */,
				22A66F9A214FB506003D896F /* SeoulListTableViewCell.swift in Sources */,
				22F5FCEC215647C500D1750F /* JoinViewController.swift in Sources */,
				2227E9652158B90F00F5ACC3 /* SeoulService.swift in Sources */,
				22C75724214E354300809616 /* AppDelegate.swift in Sources */,
			);
			runOnlyForDeploymentPostprocessing = 0;
		};
/* End PBXSourcesBuildPhase section */

/* Begin PBXVariantGroup section */
		22C75727214E354300809616 /* Main.storyboard */ = {
			isa = PBXVariantGroup;
			children = (
				22C75728214E354300809616 /* Base */,
			);
			name = Main.storyboard;
			sourceTree = "<group>";
		};
		22C7572C214E354400809616 /* LaunchScreen.storyboard */ = {
			isa = PBXVariantGroup;
			children = (
				22C7572D214E354400809616 /* Base */,
			);
			name = LaunchScreen.storyboard;
			sourceTree = "<group>";
		};
/* End PBXVariantGroup section */

/* Begin XCBuildConfiguration section */
		22C75730214E354400809616 /* Debug */ = {
			isa = XCBuildConfiguration;
			buildSettings = {
				ALWAYS_SEARCH_USER_PATHS = NO;
				CLANG_ANALYZER_NONNULL = YES;
				CLANG_ANALYZER_NUMBER_OBJECT_CONVERSION = YES_AGGRESSIVE;
				CLANG_CXX_LANGUAGE_STANDARD = "gnu++14";
				CLANG_CXX_LIBRARY = "libc++";
				CLANG_ENABLE_MODULES = YES;
				CLANG_ENABLE_OBJC_ARC = YES;
				CLANG_ENABLE_OBJC_WEAK = YES;
				CLANG_WARN_BLOCK_CAPTURE_AUTORELEASING = YES;
				CLANG_WARN_BOOL_CONVERSION = YES;
				CLANG_WARN_COMMA = YES;
				CLANG_WARN_CONSTANT_CONVERSION = YES;
				CLANG_WARN_DEPRECATED_OBJC_IMPLEMENTATIONS = YES;
				CLANG_WARN_DIRECT_OBJC_ISA_USAGE = YES_ERROR;
				CLANG_WARN_DOCUMENTATION_COMMENTS = YES;
				CLANG_WARN_EMPTY_BODY = YES;
				CLANG_WARN_ENUM_CONVERSION = YES;
				CLANG_WARN_INFINITE_RECURSION = YES;
				CLANG_WARN_INT_CONVERSION = YES;
				CLANG_WARN_NON_LITERAL_NULL_CONVERSION = YES;
				CLANG_WARN_OBJC_IMPLICIT_RETAIN_SELF = YES;
				CLANG_WARN_OBJC_LITERAL_CONVERSION = YES;
				CLANG_WARN_OBJC_ROOT_CLASS = YES_ERROR;
				CLANG_WARN_RANGE_LOOP_ANALYSIS = YES;
				CLANG_WARN_STRICT_PROTOTYPES = YES;
				CLANG_WARN_SUSPICIOUS_MOVE = YES;
				CLANG_WARN_UNGUARDED_AVAILABILITY = YES_AGGRESSIVE;
				CLANG_WARN_UNREACHABLE_CODE = YES;
				CLANG_WARN__DUPLICATE_METHOD_MATCH = YES;
				CODE_SIGN_IDENTITY = "iPhone Developer";
				COPY_PHASE_STRIP = NO;
				DEBUG_INFORMATION_FORMAT = dwarf;
				ENABLE_STRICT_OBJC_MSGSEND = YES;
				ENABLE_TESTABILITY = YES;
				GCC_C_LANGUAGE_STANDARD = gnu11;
				GCC_DYNAMIC_NO_PIC = NO;
				GCC_NO_COMMON_BLOCKS = YES;
				GCC_OPTIMIZATION_LEVEL = 0;
				GCC_PREPROCESSOR_DEFINITIONS = (
					"DEBUG=1",
					"$(inherited)",
				);
				GCC_WARN_64_TO_32_BIT_CONVERSION = YES;
				GCC_WARN_ABOUT_RETURN_TYPE = YES_ERROR;
				GCC_WARN_UNDECLARED_SELECTOR = YES;
				GCC_WARN_UNINITIALIZED_AUTOS = YES_AGGRESSIVE;
				GCC_WARN_UNUSED_FUNCTION = YES;
				GCC_WARN_UNUSED_VARIABLE = YES;
				IPHONEOS_DEPLOYMENT_TARGET = 11.4;
				MTL_ENABLE_DEBUG_INFO = YES;
				ONLY_ACTIVE_ARCH = YES;
				SDKROOT = iphoneos;
				SWIFT_ACTIVE_COMPILATION_CONDITIONS = DEBUG;
				SWIFT_OPTIMIZATION_LEVEL = "-Onone";
			};
			name = Debug;
		};
		22C75731214E354400809616 /* Release */ = {
			isa = XCBuildConfiguration;
			buildSettings = {
				ALWAYS_SEARCH_USER_PATHS = NO;
				CLANG_ANALYZER_NONNULL = YES;
				CLANG_ANALYZER_NUMBER_OBJECT_CONVERSION = YES_AGGRESSIVE;
				CLANG_CXX_LANGUAGE_STANDARD = "gnu++14";
				CLANG_CXX_LIBRARY = "libc++";
				CLANG_ENABLE_MODULES = YES;
				CLANG_ENABLE_OBJC_ARC = YES;
				CLANG_ENABLE_OBJC_WEAK = YES;
				CLANG_WARN_BLOCK_CAPTURE_AUTORELEASING = YES;
				CLANG_WARN_BOOL_CONVERSION = YES;
				CLANG_WARN_COMMA = YES;
				CLANG_WARN_CONSTANT_CONVERSION = YES;
				CLANG_WARN_DEPRECATED_OBJC_IMPLEMENTATIONS = YES;
				CLANG_WARN_DIRECT_OBJC_ISA_USAGE = YES_ERROR;
				CLANG_WARN_DOCUMENTATION_COMMENTS = YES;
				CLANG_WARN_EMPTY_BODY = YES;
				CLANG_WARN_ENUM_CONVERSION = YES;
				CLANG_WARN_INFINITE_RECURSION = YES;
				CLANG_WARN_INT_CONVERSION = YES;
				CLANG_WARN_NON_LITERAL_NULL_CONVERSION = YES;
				CLANG_WARN_OBJC_IMPLICIT_RETAIN_SELF = YES;
				CLANG_WARN_OBJC_LITERAL_CONVERSION = YES;
				CLANG_WARN_OBJC_ROOT_CLASS = YES_ERROR;
				CLANG_WARN_RANGE_LOOP_ANALYSIS = YES;
				CLANG_WARN_STRICT_PROTOTYPES = YES;
				CLANG_WARN_SUSPICIOUS_MOVE = YES;
				CLANG_WARN_UNGUARDED_AVAILABILITY = YES_AGGRESSIVE;
				CLANG_WARN_UNREACHABLE_CODE = YES;
				CLANG_WARN__DUPLICATE_METHOD_MATCH = YES;
				CODE_SIGN_IDENTITY = "iPhone Developer";
				COPY_PHASE_STRIP = NO;
				DEBUG_INFORMATION_FORMAT = "dwarf-with-dsym";
				ENABLE_NS_ASSERTIONS = NO;
				ENABLE_STRICT_OBJC_MSGSEND = YES;
				GCC_C_LANGUAGE_STANDARD = gnu11;
				GCC_NO_COMMON_BLOCKS = YES;
				GCC_WARN_64_TO_32_BIT_CONVERSION = YES;
				GCC_WARN_ABOUT_RETURN_TYPE = YES_ERROR;
				GCC_WARN_UNDECLARED_SELECTOR = YES;
				GCC_WARN_UNINITIALIZED_AUTOS = YES_AGGRESSIVE;
				GCC_WARN_UNUSED_FUNCTION = YES;
				GCC_WARN_UNUSED_VARIABLE = YES;
				IPHONEOS_DEPLOYMENT_TARGET = 11.4;
				MTL_ENABLE_DEBUG_INFO = NO;
				SDKROOT = iphoneos;
				SWIFT_COMPILATION_MODE = wholemodule;
				SWIFT_OPTIMIZATION_LEVEL = "-O";
				VALIDATE_PRODUCT = YES;
			};
			name = Release;
		};
		22C75733214E354400809616 /* Debug */ = {
			isa = XCBuildConfiguration;
			baseConfigurationReference = 81874127E83DE9DBA1BCC1CC /* Pods-DO!dobo.debug.xcconfig */;
			buildSettings = {
				ASSETCATALOG_COMPILER_APPICON_NAME = AppIcon;
				CODE_SIGN_STYLE = Automatic;
				DEVELOPMENT_TEAM = S3H456VQ6Y;
				INFOPLIST_FILE = "DO!dobo/Info.plist";
				IPHONEOS_DEPLOYMENT_TARGET = 11.0;
				LD_RUNPATH_SEARCH_PATHS = (
					"$(inherited)",
					"@executable_path/Frameworks",
				);
				PRODUCT_BUNDLE_IDENTIFIER = "com.develop.iOS.DO-dobo";
				PRODUCT_NAME = "$(TARGET_NAME)";
				SWIFT_VERSION = 4.0;
				TARGETED_DEVICE_FAMILY = "1,2";
			};
			name = Debug;
		};
		22C75734214E354400809616 /* Release */ = {
			isa = XCBuildConfiguration;
			baseConfigurationReference = 03EFD1ADA7131D42F2187372 /* Pods-DO!dobo.release.xcconfig */;
			buildSettings = {
				ASSETCATALOG_COMPILER_APPICON_NAME = AppIcon;
				CODE_SIGN_STYLE = Automatic;
				DEVELOPMENT_TEAM = S3H456VQ6Y;
				INFOPLIST_FILE = "DO!dobo/Info.plist";
				IPHONEOS_DEPLOYMENT_TARGET = 11.0;
				LD_RUNPATH_SEARCH_PATHS = (
					"$(inherited)",
					"@executable_path/Frameworks",
				);
				PRODUCT_BUNDLE_IDENTIFIER = "com.develop.iOS.DO-dobo";
				PRODUCT_NAME = "$(TARGET_NAME)";
				SWIFT_VERSION = 4.0;
				TARGETED_DEVICE_FAMILY = "1,2";
			};
			name = Release;
		};
/* End XCBuildConfiguration section */

/* Begin XCConfigurationList section */
		22C7571B214E354200809616 /* Build configuration list for PBXProject "DO!dobo" */ = {
			isa = XCConfigurationList;
			buildConfigurations = (
				22C75730214E354400809616 /* Debug */,
				22C75731214E354400809616 /* Release */,
			);
			defaultConfigurationIsVisible = 0;
			defaultConfigurationName = Release;
		};
		22C75732214E354400809616 /* Build configuration list for PBXNativeTarget "DO!dobo" */ = {
			isa = XCConfigurationList;
			buildConfigurations = (
				22C75733214E354400809616 /* Debug */,
				22C75734214E354400809616 /* Release */,
			);
			defaultConfigurationIsVisible = 0;
			defaultConfigurationName = Release;
		};
/* End XCConfigurationList section */
	};
	rootObject = 22C75718214E354200809616 /* Project object */;
}
