PODS:
  - Alamofire (4.7.3)
  - AlamofireImage (3.3.1):
    - Alamofire (~> 4.5)
  - GoogleMaps/Base (2.7.0)
  - GooglePlaces (2.7.0):
    - GoogleMaps/Base (= 2.7.0)
  - ImageSlideshow (1.6.1):
    - ImageSlideshow/Core (= 1.6.1)
  - ImageSlideshow/Alamofire (1.6.1):
    - AlamofireImage (~> 3.0)
    - ImageSlideshow/Core
  - ImageSlideshow/Core (1.6.1)
  - ImageSlideshow/Kingfisher (1.6.1):
    - ImageSlideshow/Core
    - Kingfisher (> 3.0)
  - Kingfisher (4.9.0)
  - SilentScrolly (1.0.8)
  - SwiftyJSON (4.1.0)

DEPENDENCIES:
  - GooglePlaces
  - ImageSlideshow (~> 1.6)
  - ImageSlideshow/Alamofire
  - ImageSlideshow/Kingfisher
  - SilentScrolly
  - SwiftyJSON

SPEC REPOS:
  https://github.com/cocoapods/specs.git:
    - Alamofire
    - AlamofireImage
    - GoogleMaps
    - GooglePlaces
    - ImageSlideshow
    - Kingfisher
    - SilentScrolly
    - SwiftyJSON

SPEC CHECKSUMS:
  Alamofire: c7287b6e5d7da964a70935e5db17046b7fde6568
  AlamofireImage: 3b35b586853abaf94ca1250f4e94cff3c21a4c0d
  GoogleMaps: f79af95cb24d869457b1f961c93d3ce8b2f3b848
  GooglePlaces: 3d06e6c99654545b4738ce49648745779c25f2ef
  ImageSlideshow: f0f33e1a20668e83d77f5fb7729e4ae4437c0759
  Kingfisher: 64539b51826b778206daa6ed815d12653caa69dd
  SilentScrolly: 0d85996304048c9e6c49788823c9c2a64185be76
  SwiftyJSON: c29297daf073d2aa016295d5809cdd68045c39b3

PODFILE CHECKSUM: 009f9907a928dfb470cd221b84a2fed21774614b

COCOAPODS: 1.5.3
